
Microsoft Visual Studio Solution File, Format Version 12.00
Project("{FAE04EC0-301F-11D3-BF4B-00C04F79EFBC}") = "BlazorExample.Site", "BlazorExample.Site\BlazorExample.Site.csproj", "{C4EC16E5-90AD-4A97-AE5A-8EDFC90876DA}"
EndProject
Project("{FAE04EC0-301F-11D3-BF4B-00C04F79EFBC}") = "BlazorExample.Components", "BlazorExample.Components\BlazorExample.Components.csproj", "{BB7DC8BA-6A46-4F8C-9E8B-3EA95741C8F1}"
EndProject
Project("{FAE04EC0-301F-11D3-BF4B-00C04F79EFBC}") = "BlazorExample.Shared", "BlazorExample.Shared\BlazorExample.Shared.csproj", "{F00FCCBC-31E3-42EE-8904-3308E22296F2}"
EndProject
Project("{FAE04EC0-301F-11D3-BF4B-00C04F79EFBC}") = "BlazorExample.Tests", "BlazorExample.Tests\BlazorExample.Tests.csproj", "{3ED68DB2-D0EC-451A-BCF3-A6FB9E952D01}"
EndProject
Global
	GlobalSection(SolutionConfigurationPlatforms) = preSolution
		Debug|Any CPU = Debug|Any CPU
		Release|Any CPU = Release|Any CPU
	EndGlobalSection
	GlobalSection(ProjectConfigurationPlatforms) = postSolution
		{C4EC16E5-90AD-4A97-AE5A-8EDFC90876DA}.Debug|Any CPU.ActiveCfg = Debug|Any CPU
		{C4EC16E5-90AD-4A97-AE5A-8EDFC90876DA}.Debug|Any CPU.Build.0 = Debug|Any CPU
		{C4EC16E5-90AD-4A97-AE5A-8EDFC90876DA}.Release|Any CPU.ActiveCfg = Release|Any CPU
		{C4EC16E5-90AD-4A97-AE5A-8EDFC90876DA}.Release|Any CPU.Build.0 = Release|Any CPU
		{BB7DC8BA-6A46-4F8C-9E8B-3EA95741C8F1}.Debug|Any CPU.ActiveCfg = Debug|Any CPU
		{BB7DC8BA-6A46-4F8C-9E8B-3EA95741C8F1}.Debug|Any CPU.Build.0 = Debug|Any CPU
		{BB7DC8BA-6A46-4F8C-9E8B-3EA95741C8F1}.Release|Any CPU.ActiveCfg = Release|Any CPU
		{BB7DC8BA-6A46-4F8C-9E8B-3EA95741C8F1}.Release|Any CPU.Build.0 = Release|Any CPU
		{F00FCCBC-31E3-42EE-8904-3308E22296F2}.Debug|Any CPU.ActiveCfg = Debug|Any CPU
		{F00FCCBC-31E3-42EE-8904-3308E22296F2}.Debug|Any CPU.Build.0 = Debug|Any CPU
		{F00FCCBC-31E3-42EE-8904-3308E22296F2}.Release|Any CPU.ActiveCfg = Release|Any CPU
		{F00FCCBC-31E3-42EE-8904-3308E22296F2}.Release|Any CPU.Build.0 = Release|Any CPU
		{3ED68DB2-D0EC-451A-BCF3-A6FB9E952D01}.Debug|Any CPU.ActiveCfg = Debug|Any CPU
		{3ED68DB2-D0EC-451A-BCF3-A6FB9E952D01}.Debug|Any CPU.Build.0 = Debug|Any CPU
		{3ED68DB2-D0EC-451A-BCF3-A6FB9E952D01}.Release|Any CPU.ActiveCfg = Release|Any CPU
		{3ED68DB2-D0EC-451A-BCF3-A6FB9E952D01}.Release|Any CPU.Build.0 = Release|Any CPU
	EndGlobalSection
EndGlobal
